
Microsoft Visual Studio Solution File, Format Version 12.00
# Visual Studio Version 17
VisualStudioVersion = 17.1.32210.238
MinimumVisualStudioVersion = 10.0.40219.1
Project("{FAE04EC0-301F-11D3-BF4B-00C04F79EFBC}") = "VCCorp_Crawler_si_demand_source_INS", "VCCorp_Crawler_si_demand_source_INS\VCCorp_Crawler_si_demand_source_INS.csproj", "{89EE99FC-76B1-41DE-BCFE-4B0A2A4D935B}"
EndProject
Project("{FAE04EC0-301F-11D3-BF4B-00C04F79EFBC}") = "Crwal.Core", "..\Crwal.Core\Crwal.Core\Crwal.Core.csproj", "{372DE665-B14B-4D3F-AAD4-781E8A0EF48D}"
EndProject
Project("{FAE04EC0-301F-11D3-BF4B-00C04F79EFBC}") = "VCCorp.CrawlerCore", "VCCrorp.InstagramCrawl.Core\VCCorp.CrawlerCore\VCCorp.CrawlerCore.csproj", "{074D63C2-68EF-46BA-A85F-ED72CF876C46}"
EndProject
Project("{FAE04EC0-301F-11D3-BF4B-00C04F79EFBC}") = "VCCorp.Instagram.CrawlerJob", "VCCorp.Instagram.CrawlerJob\VCCorp.Instagram.CrawlerJob.csproj", "{89139DF2-37C4-4A45-A9AD-9FD162817395}"
EndProject
Global
	GlobalSection(SolutionConfigurationPlatforms) = preSolution
		Debug|Any CPU = Debug|Any CPU
		Debug|x64 = Debug|x64
		Debug|x86 = Debug|x86
		Release|Any CPU = Release|Any CPU
		Release|x64 = Release|x64
		Release|x86 = Release|x86
	EndGlobalSection
	GlobalSection(ProjectConfigurationPlatforms) = postSolution
		{89EE99FC-76B1-41DE-BCFE-4B0A2A4D935B}.Debug|Any CPU.ActiveCfg = Debug|Any CPU
		{89EE99FC-76B1-41DE-BCFE-4B0A2A4D935B}.Debug|Any CPU.Build.0 = Debug|Any CPU
		{89EE99FC-76B1-41DE-BCFE-4B0A2A4D935B}.Debug|x64.ActiveCfg = Debug|Any CPU
		{89EE99FC-76B1-41DE-BCFE-4B0A2A4D935B}.Debug|x64.Build.0 = Debug|Any CPU
		{89EE99FC-76B1-41DE-BCFE-4B0A2A4D935B}.Debug|x86.ActiveCfg = Debug|Any CPU
		{89EE99FC-76B1-41DE-BCFE-4B0A2A4D935B}.Debug|x86.Build.0 = Debug|Any CPU
		{89EE99FC-76B1-41DE-BCFE-4B0A2A4D935B}.Release|Any CPU.ActiveCfg = Release|Any CPU
		{89EE99FC-76B1-41DE-BCFE-4B0A2A4D935B}.Release|Any CPU.Build.0 = Release|Any CPU
		{89EE99FC-76B1-41DE-BCFE-4B0A2A4D935B}.Release|x64.ActiveCfg = Release|Any CPU
		{89EE99FC-76B1-41DE-BCFE-4B0A2A4D935B}.Release|x64.Build.0 = Release|Any CPU
		{89EE99FC-76B1-41DE-BCFE-4B0A2A4D935B}.Release|x86.ActiveCfg = Release|Any CPU
		{89EE99FC-76B1-41DE-BCFE-4B0A2A4D935B}.Release|x86.Build.0 = Release|Any CPU
		{372DE665-B14B-4D3F-AAD4-781E8A0EF48D}.Debug|Any CPU.ActiveCfg = Debug|Any CPU
		{372DE665-B14B-4D3F-AAD4-781E8A0EF48D}.Debug|Any CPU.Build.0 = Debug|Any CPU
		{372DE665-B14B-4D3F-AAD4-781E8A0EF48D}.Debug|x64.ActiveCfg = Debug|Any CPU
		{372DE665-B14B-4D3F-AAD4-781E8A0EF48D}.Debug|x64.Build.0 = Debug|Any CPU
		{372DE665-B14B-4D3F-AAD4-781E8A0EF48D}.Debug|x86.ActiveCfg = Debug|x86
		{372DE665-B14B-4D3F-AAD4-781E8A0EF48D}.Debug|x86.Build.0 = Debug|x86
		{372DE665-B14B-4D3F-AAD4-781E8A0EF48D}.Release|Any CPU.ActiveCfg = Release|Any CPU
		{372DE665-B14B-4D3F-AAD4-781E8A0EF48D}.Release|Any CPU.Build.0 = Release|Any CPU
		{372DE665-B14B-4D3F-AAD4-781E8A0EF48D}.Release|x64.ActiveCfg = Release|Any CPU
		{372DE665-B14B-4D3F-AAD4-781E8A0EF48D}.Release|x64.Build.0 = Release|Any CPU
		{372DE665-B14B-4D3F-AAD4-781E8A0EF48D}.Release|x86.ActiveCfg = Release|Any CPU
		{372DE665-B14B-4D3F-AAD4-781E8A0EF48D}.Release|x86.Build.0 = Release|Any CPU
		{074D63C2-68EF-46BA-A85F-ED72CF876C46}.Debug|Any CPU.ActiveCfg = Debug|Any CPU
		{074D63C2-68EF-46BA-A85F-ED72CF876C46}.Debug|Any CPU.Build.0 = Debug|Any CPU
		{074D63C2-68EF-46BA-A85F-ED72CF876C46}.Debug|x64.ActiveCfg = Debug|x64
		{074D63C2-68EF-46BA-A85F-ED72CF876C46}.Debug|x64.Build.0 = Debug|x64
		{074D63C2-68EF-46BA-A85F-ED72CF876C46}.Debug|x86.ActiveCfg = Debug|Any CPU
		{074D63C2-68EF-46BA-A85F-ED72CF876C46}.Debug|x86.Build.0 = Debug|Any CPU
		{074D63C2-68EF-46BA-A85F-ED72CF876C46}.Release|Any CPU.ActiveCfg = Release|Any CPU
		{074D63C2-68EF-46BA-A85F-ED72CF876C46}.Release|Any CPU.Build.0 = Release|Any CPU
		{074D63C2-68EF-46BA-A85F-ED72CF876C46}.Release|x64.ActiveCfg = Release|Any CPU
		{074D63C2-68EF-46BA-A85F-ED72CF876C46}.Release|x64.Build.0 = Release|Any CPU
		{074D63C2-68EF-46BA-A85F-ED72CF876C46}.Release|x86.ActiveCfg = Release|Any CPU
		{074D63C2-68EF-46BA-A85F-ED72CF876C46}.Release|x86.Build.0 = Release|Any CPU
		{89139DF2-37C4-4A45-A9AD-9FD162817395}.Debug|Any CPU.ActiveCfg = Debug|Any CPU
		{89139DF2-37C4-4A45-A9AD-9FD162817395}.Debug|Any CPU.Build.0 = Debug|Any CPU
		{89139DF2-37C4-4A45-A9AD-9FD162817395}.Debug|x64.ActiveCfg = Debug|Any CPU
		{89139DF2-37C4-4A45-A9AD-9FD162817395}.Debug|x64.Build.0 = Debug|Any CPU
		{89139DF2-37C4-4A45-A9AD-9FD162817395}.Debug|x86.ActiveCfg = Debug|Any CPU
		{89139DF2-37C4-4A45-A9AD-9FD162817395}.Debug|x86.Build.0 = Debug|Any CPU
		{89139DF2-37C4-4A45-A9AD-9FD162817395}.Release|Any CPU.ActiveCfg = Release|Any CPU
		{89139DF2-37C4-4A45-A9AD-9FD162817395}.Release|Any CPU.Build.0 = Release|Any CPU
		{89139DF2-37C4-4A45-A9AD-9FD162817395}.Release|x64.ActiveCfg = Release|Any CPU
		{89139DF2-37C4-4A45-A9AD-9FD162817395}.Release|x64.Build.0 = Release|Any CPU
		{89139DF2-37C4-4A45-A9AD-9FD162817395}.Release|x86.ActiveCfg = Release|Any CPU
		{89139DF2-37C4-4A45-A9AD-9FD162817395}.Release|x86.Build.0 = Release|Any CPU
	EndGlobalSection
	GlobalSection(SolutionProperties) = preSolution
		HideSolutionNode = FALSE
	EndGlobalSection
	GlobalSection(ExtensibilityGlobals) = postSolution
		SolutionGuid = {9819D30F-8AF9-46AB-BCE6-A056EB4036AC}
	EndGlobalSection
EndGlobal
